
Microsoft Visual Studio Solution File, Format Version 12.00
# Visual Studio Version 17
VisualStudioVersion = 17.6.33829.357
MinimumVisualStudioVersion = 10.0.40219.1
Project("{FAE04EC0-301F-11D3-BF4B-00C04F79EFBC}") = "EnverSoft Exercise #2", "EnverSoft Exercise #2\EnverSoft Exercise #2.csproj", "{98FCDCA3-89A2-4C2A-B9B6-455FEBFB695B}"
EndProject
Global
	GlobalSection(SolutionConfigurationPlatforms) = preSolution
		Debug|Any CPU = Debug|Any CPU
		Release|Any CPU = Release|Any CPU
	EndGlobalSection
	GlobalSection(ProjectConfigurationPlatforms) = postSolution
		{98FCDCA3-89A2-4C2A-B9B6-455FEBFB695B}.Debug|Any CPU.ActiveCfg = Debug|Any CPU
		{98FCDCA3-89A2-4C2A-B9B6-455FEBFB695B}.Debug|Any CPU.Build.0 = Debug|Any CPU
		{98FCDCA3-89A2-4C2A-B9B6-455FEBFB695B}.Release|Any CPU.ActiveCfg = Release|Any CPU
		{98FCDCA3-89A2-4C2A-B9B6-455FEBFB695B}.Release|Any CPU.Build.0 = Release|Any CPU
	EndGlobalSection
	GlobalSection(SolutionProperties) = preSolution
		HideSolutionNode = FALSE
	EndGlobalSection
	GlobalSection(ExtensibilityGlobals) = postSolution
		SolutionGuid = {686C6174-A259-4326-9A34-67224089313B}
	EndGlobalSection
EndGlobal
